{
  "version": 1,
  "dependencies": {
    ".NETFramework,Version=v4.8": {
      "MinVer": {
        "type": "Direct",
        "requested": "[7.0.0, )",
        "resolved": "7.0.0",
        "contentHash": "2lMTCQl5bGP4iv0JNkockPnyllC6eHLz+CoK2ICvalvHod+exXSxueu9hq+zNkU7bZBJf8wMfeRC/Edn8AGmEg=="
      },
      "PolySharp": {
        "type": "Direct",
        "requested": "[1.15.0, )",
        "resolved": "1.15.0",
        "contentHash": "FbU0El+EEjdpuIX4iDbeS7ki1uzpJPx8vbqOzEtqnl1GZeAGJfq+jCbxeJL2y0EPnUNk8dRnnqR2xnYXg9Tf+g=="
      },
      "darwinwrap.runtime": {
        "type": "Project",
        "dependencies": {
          "DarwinWrap.Shared": "[1.0.0, )"
        }
      },
      "darwinwrap.shared": {
        "type": "Project"
      },
      "darwinwrap.ui": {
        "type": "Project",
        "dependencies": {
          "DarwinWrap.Shared": "[1.0.0, )"
        }
      }
    }
  }
}