{
  "version": 1,
  "dependencies": {
    ".NETFramework,Version=v4.8": {
      "MinVer": {
        "type": "Direct",
        "requested": "[7.0.0, )",
        "resolved": "7.0.0",
        "contentHash": "2lMTCQl5bGP4iv0JNkockPnyllC6eHLz+CoK2ICvalvHod+exXSxueu9hq+zNkU7bZBJf8wMfeRC/Edn8AGmEg=="
      },
      "PolySharp": {
        "type": "Direct",
        "requested": "[1.15.0, )",
        "resolved": "1.15.0",
        "contentHash": "FbU0El+EEjdpuIX4iDbeS7ki1uzpJPx8vbqOzEtqnl1GZeAGJfq+jCbxeJL2y0EPnUNk8dRnnqR2xnYXg9Tf+g=="
      },
      "Microsoft.Bcl.HashCode": {
        "type": "Transitive",
        "resolved": "6.0.0",
        "contentHash": "GI4jcoi6eC9ZhNOQylIBaWOQjyGaR8T6N3tC1u8p3EXfndLCVNNWa+Zp+ocjvvS3kNBN09Zma2HXL0ezO0dRfw=="
      },
      "System.Buffers": {
        "type": "Transitive",
        "resolved": "4.6.1",
        "contentHash": "N8GXpmiLMtljq7gwvyS+1QvKT/W2J8sNAvx+HVg4NGmsG/H+2k/y9QI23auLJRterrzCiDH+IWAw4V/GPwsMlw=="
      },
      "System.Collections.Immutable": {
        "type": "Transitive",
        "resolved": "10.0.2",
        "contentHash": "ty6kCaqyoh/M/jKV5yojgta+nf7T8zkkjpRI1beLQkrTC+9R6LS1eCEc+3ED2YUlRyA0g0PXExESnxnW3HcVVQ==",
        "dependencies": {
          "System.Memory": "4.6.3",
          "System.Runtime.CompilerServices.Unsafe": "6.1.2"
        }
      },
      "System.Formats.Nrbf": {
        "type": "Transitive",
        "resolved": "10.0.2",
        "contentHash": "reP4I/m8Fp0RbGNHmAgDTPp44I4+CXPWvnqE2Oiuz7Nmq6jcIyZ/8WcvyhTz+0xR2xXUsOeCGcbECaA12s45Nw==",
        "dependencies": {
          "Microsoft.Bcl.HashCode": "6.0.0",
          "System.Reflection.Metadata": "10.0.2",
          "System.ValueTuple": "4.6.1"
        }
      },
      "System.Memory": {
        "type": "Transitive",
        "resolved": "4.6.3",
        "contentHash": "qdcDOgnFZY40+Q9876JUHnlHu7bosOHX8XISRoH94fwk6hgaeQGSgfZd8srWRZNt5bV9ZW2TljcegDNxsf+96A==",
        "dependencies": {
          "System.Buffers": "4.6.1",
          "System.Numerics.Vectors": "4.6.1",
          "System.Runtime.CompilerServices.Unsafe": "6.1.2"
        }
      },
      "System.Numerics.Vectors": {
        "type": "Transitive",
        "resolved": "4.6.1",
        "contentHash": "sQxefTnhagrhoq2ReR0D/6K0zJcr9Hrd6kikeXsA1I8kOCboTavcUC4r7TSfpKFeE163uMuxZcyfO1mGO3EN8Q=="
      },
      "System.Reflection.Metadata": {
        "type": "Transitive",
        "resolved": "10.0.2",
        "contentHash": "4A6MHPmF4UK/rD9lCHtzW/y8Bbn63qy9Tfd7YRqncgq17I0lGjFATValjvcQ9qb3ObPfnLClCQoGawS5J/2nOQ==",
        "dependencies": {
          "System.Collections.Immutable": "10.0.2"
        }
      },
      "System.Resources.Extensions": {
        "type": "Transitive",
        "resolved": "10.0.2",
        "contentHash": "Q+KjsDz/cOtCXwXUBHu6a7diH8DMp4tIbMYnZ9+AEB15/7trJE/qaplM/h0BgfKnnzmFtJ4WkPmk6Kjwg+G0Sg==",
        "dependencies": {
          "System.Formats.Nrbf": "10.0.2",
          "System.Memory": "4.6.3"
        }
      },
      "System.Runtime.CompilerServices.Unsafe": {
        "type": "Transitive",
        "resolved": "6.1.2",
        "contentHash": "2hBr6zdbIBTDE3EhK7NSVNdX58uTK6iHW/P/Axmm9sl1xoGSLqDvMtpecn226TNwHByFokYwJmt/aQQNlO5CRw=="
      },
      "System.ValueTuple": {
        "type": "Transitive",
        "resolved": "4.6.1",
        "contentHash": "+RJT4qaekpZ7DDLhf+LTjq+E48jieKiY9ulJ+BoxKmZblIJfIJT8Ufcaa/clQqnYvWs8jugfGSMu8ylS0caG0w=="
      },
      "darwinwrap.runtime": {
        "type": "Project",
        "dependencies": {
          "DarwinWrap.Shared": "[1.0.0, )"
        }
      },
      "darwinwrap.shared": {
        "type": "Project"
      },
      "darwinwrap.ui": {
        "type": "Project",
        "dependencies": {
          "DarwinWrap.Shared": "[1.0.0, )",
          "System.Resources.Extensions": "[10.0.2, )"
        }
      }
    }
  }
}